
Microsoft Visual Studio Solution File, Format Version 12.00
# Visual Studio 15
VisualStudioVersion = 15.0.28307.1022
MinimumVisualStudioVersion = 10.0.40219.1
Project("{FAE04EC0-301F-11D3-BF4B-00C04F79EFBC}") = "AgeCalculator", "AgeCalculator.csproj", "{8B3FD481-6482-4D07-8568-9BA10C8B9C7D}"
EndProject
Global
	GlobalSection(SolutionConfigurationPlatforms) = preSolution
		Debug|Any CPU = Debug|Any CPU
		Release|Any CPU = Release|Any CPU
	EndGlobalSection
	GlobalSection(ProjectConfigurationPlatforms) = postSolution
		{8B3FD481-6482-4D07-8568-9BA10C8B9C7D}.Debug|Any CPU.ActiveCfg = Debug|Any CPU
		{8B3FD481-6482-4D07-8568-9BA10C8B9C7D}.Debug|Any CPU.Build.0 = Debug|Any CPU
		{8B3FD481-6482-4D07-8568-9BA10C8B9C7D}.Release|Any CPU.ActiveCfg = Release|Any CPU
		{8B3FD481-6482-4D07-8568-9BA10C8B9C7D}.Release|Any CPU.Build.0 = Release|Any CPU
	EndGlobalSection
	GlobalSection(SolutionProperties) = preSolution
		HideSolutionNode = FALSE
	EndGlobalSection
	GlobalSection(ExtensibilityGlobals) = postSolution
		SolutionGuid = {FEC703ED-DFAD-4A49-A369-A2F7775EBC92}
	EndGlobalSection
EndGlobal
